
Microsoft Visual Studio Solution File, Format Version 12.00
# Visual Studio Version 17
VisualStudioVersion = 17.3.32929.385
MinimumVisualStudioVersion = 10.0.40219.1
Project("{FAE04EC0-301F-11D3-BF4B-00C04F79EFBC}") = "Programacion2-OBLIGATORIO-", "Programacion2-OBLIGATORIO-\Programacion2-OBLIGATORIO-.csproj", "{F8D6CB5D-F1F1-44EB-A258-CBF8C339131A}"
EndProject
Project("{FAE04EC0-301F-11D3-BF4B-00C04F79EFBC}") = "biblioteca", "biblioteca\biblioteca.csproj", "{296E86CB-73F6-4149-B07D-D52E21D762C0}"
EndProject
Global
	GlobalSection(SolutionConfigurationPlatforms) = preSolution
		Debug|Any CPU = Debug|Any CPU
		Release|Any CPU = Release|Any CPU
	EndGlobalSection
	GlobalSection(ProjectConfigurationPlatforms) = postSolution
		{F8D6CB5D-F1F1-44EB-A258-CBF8C339131A}.Debug|Any CPU.ActiveCfg = Debug|Any CPU
		{F8D6CB5D-F1F1-44EB-A258-CBF8C339131A}.Debug|Any CPU.Build.0 = Debug|Any CPU
		{F8D6CB5D-F1F1-44EB-A258-CBF8C339131A}.Release|Any CPU.ActiveCfg = Release|Any CPU
		{F8D6CB5D-F1F1-44EB-A258-CBF8C339131A}.Release|Any CPU.Build.0 = Release|Any CPU
		{296E86CB-73F6-4149-B07D-D52E21D762C0}.Debug|Any CPU.ActiveCfg = Debug|Any CPU
		{296E86CB-73F6-4149-B07D-D52E21D762C0}.Debug|Any CPU.Build.0 = Debug|Any CPU
		{296E86CB-73F6-4149-B07D-D52E21D762C0}.Release|Any CPU.ActiveCfg = Release|Any CPU
		{296E86CB-73F6-4149-B07D-D52E21D762C0}.Release|Any CPU.Build.0 = Release|Any CPU
	EndGlobalSection
	GlobalSection(SolutionProperties) = preSolution
		HideSolutionNode = FALSE
	EndGlobalSection
	GlobalSection(ExtensibilityGlobals) = postSolution
		SolutionGuid = {E7BCB3D2-A8EC-4483-9267-23891044AC15}
	EndGlobalSection
EndGlobal
